Microsoft Visual Studio Solution File, Format Version 11.00
# Visual Studio 2008

Project("{6AC2BB32-338A-9A7D-FE04-33A1081B907E}") = "Protest Protest Revolution", "Assembly-CSharp.csproj", "{0200EDEF-A9C6-B28F-57FD-2CB2821BF70D}"
EndProject
Project("{6AC2BB32-338A-9A7D-FE04-33A1081B907E}") = "Protest Protest Revolution", "Assembly-UnityScript.unityproj", "{FB3E73D8-732E-5FEA-8518-352FD803F273}"
EndProject
Global
	GlobalSection(SolutionConfigurationPlatforms) = preSolution
		Debug|Any CPU = Debug|Any CPU
		Release|Any CPU = Release|Any CPU
	EndGlobalSection
	GlobalSection(ProjectConfigurationPlatforms) = postSolution
		{0200EDEF-A9C6-B28F-57FD-2CB2821BF70D}.Debug|Any CPU.ActiveCfg = Debug|Any CPU
		{0200EDEF-A9C6-B28F-57FD-2CB2821BF70D}.Debug|Any CPU.Build.0 = Debug|Any CPU
		{0200EDEF-A9C6-B28F-57FD-2CB2821BF70D}.Release|Any CPU.ActiveCfg = Release|Any CPU
		{0200EDEF-A9C6-B28F-57FD-2CB2821BF70D}.Release|Any CPU.Build.0 = Release|Any CPU
		{FB3E73D8-732E-5FEA-8518-352FD803F273}.Debug|Any CPU.ActiveCfg = Debug|Any CPU
		{FB3E73D8-732E-5FEA-8518-352FD803F273}.Debug|Any CPU.Build.0 = Debug|Any CPU
		{FB3E73D8-732E-5FEA-8518-352FD803F273}.Release|Any CPU.ActiveCfg = Release|Any CPU
		{FB3E73D8-732E-5FEA-8518-352FD803F273}.Release|Any CPU.Build.0 = Release|Any CPU
	EndGlobalSection
	GlobalSection(SolutionProperties) = preSolution
		HideSolutionNode = FALSE
	EndGlobalSection
																		GlobalSection(MonoDevelopProperties) = preSolution
		StartupItem = Assembly-CSharp.csproj
		Policies = $0
		$0.TextStylePolicy = $1
		$1.inheritsSet = null
		$1.scope = text/x-csharp
		$0.CSharpFormattingPolicy = $2
		$2.inheritsSet = Mono
		$2.inheritsScope = text/x-csharp
		$2.scope = text/x-csharp
		$0.TextStylePolicy = $3
		$3.FileWidth = 120
		$3.TabWidth = 4
		$3.IndentWidth = 4
		$3.EolMarker = Unix
		$3.inheritsSet = Mono
		$3.inheritsScope = text/plain
		$3.scope = text/plain
	EndGlobalSection

EndGlobal
